
Microsoft Visual Studio Solution File, Format Version 12.00
# Visual Studio 15
VisualStudioVersion = 15.0.26228.9
MinimumVisualStudioVersion = 10.0.40219.1
Project("{FAE04EC0-301F-11D3-BF4B-00C04F79EFBC}") = "commands", "pyrvi\commands.csproj", "{84BFD259-11F4-4718-AB10-32CD6F2F193F}"
EndProject
Project("{FAE04EC0-301F-11D3-BF4B-00C04F79EFBC}") = "podobrenCommands", "podobrenCommands\podobrenCommands.csproj", "{E44E763C-3ACD-40A0-BDDA-E0F994A5F8BF}"
EndProject
Project("{FAE04EC0-301F-11D3-BF4B-00C04F79EFBC}") = "spisyk", "spisyk\spisyk.csproj", "{EADF4457-2BC1-4CAE-8014-97B146CEE65E}"
EndProject
Project("{FAE04EC0-301F-11D3-BF4B-00C04F79EFBC}") = "minMax", "minMax\minMax.csproj", "{00D3CA95-EFD5-450E-9AEC-748EF9326B1B}"
EndProject
Project("{FAE04EC0-301F-11D3-BF4B-00C04F79EFBC}") = "povtarqshti", "povtarqshti\povtarqshti.csproj", "{7B21F677-15E5-466E-9A1E-13B6AD61A063}"
EndProject
Project("{FAE04EC0-301F-11D3-BF4B-00C04F79EFBC}") = "poredica", "poredica\poredica.csproj", "{73898861-CC93-48FF-AF0B-299B35832B16}"
EndProject
Project("{FAE04EC0-301F-11D3-BF4B-00C04F79EFBC}") = "zadacha", "zadacha\zadacha.csproj", "{5CA94D90-E6C2-4366-BCA3-0D62E796DE66}"
EndProject
Project("{FAE04EC0-301F-11D3-BF4B-00C04F79EFBC}") = "kvadrati", "kvadrati\kvadrati.csproj", "{6DF01632-0B9F-467D-B5FB-5D1579719C85}"
EndProject
Project("{FAE04EC0-301F-11D3-BF4B-00C04F79EFBC}") = "sbor", "sbor\sbor.csproj", "{D1B7AC22-3E36-4601-BCFF-6E35531F6EE9}"
EndProject
Project("{FAE04EC0-301F-11D3-BF4B-00C04F79EFBC}") = "obir", "obir\obir.csproj", "{D59AE0DC-8A7F-43AE-B481-E2A852AFE317}"
EndProject
Project("{FAE04EC0-301F-11D3-BF4B-00C04F79EFBC}") = "preobrazuvaneNaChisla", "preobrazuvaneNaChisla\preobrazuvaneNaChisla.csproj", "{C89A344E-6BC0-4B54-8780-95734778AF99}"
EndProject
Global
	GlobalSection(SolutionConfigurationPlatforms) = preSolution
		Debug|Any CPU = Debug|Any CPU
		Release|Any CPU = Release|Any CPU
	EndGlobalSection
	GlobalSection(ProjectConfigurationPlatforms) = postSolution
		{84BFD259-11F4-4718-AB10-32CD6F2F193F}.Debug|Any CPU.ActiveCfg = Debug|Any CPU
		{84BFD259-11F4-4718-AB10-32CD6F2F193F}.Debug|Any CPU.Build.0 = Debug|Any CPU
		{84BFD259-11F4-4718-AB10-32CD6F2F193F}.Release|Any CPU.ActiveCfg = Release|Any CPU
		{84BFD259-11F4-4718-AB10-32CD6F2F193F}.Release|Any CPU.Build.0 = Release|Any CPU
		{E44E763C-3ACD-40A0-BDDA-E0F994A5F8BF}.Debug|Any CPU.ActiveCfg = Debug|Any CPU
		{E44E763C-3ACD-40A0-BDDA-E0F994A5F8BF}.Debug|Any CPU.Build.0 = Debug|Any CPU
		{E44E763C-3ACD-40A0-BDDA-E0F994A5F8BF}.Release|Any CPU.ActiveCfg = Release|Any CPU
		{E44E763C-3ACD-40A0-BDDA-E0F994A5F8BF}.Release|Any CPU.Build.0 = Release|Any CPU
		{EADF4457-2BC1-4CAE-8014-97B146CEE65E}.Debug|Any CPU.ActiveCfg = Debug|Any CPU
		{EADF4457-2BC1-4CAE-8014-97B146CEE65E}.Debug|Any CPU.Build.0 = Debug|Any CPU
		{EADF4457-2BC1-4CAE-8014-97B146CEE65E}.Release|Any CPU.ActiveCfg = Release|Any CPU
		{EADF4457-2BC1-4CAE-8014-97B146CEE65E}.Release|Any CPU.Build.0 = Release|Any CPU
		{00D3CA95-EFD5-450E-9AEC-748EF9326B1B}.Debug|Any CPU.ActiveCfg = Debug|Any CPU
		{00D3CA95-EFD5-450E-9AEC-748EF9326B1B}.Debug|Any CPU.Build.0 = Debug|Any CPU
		{00D3CA95-EFD5-450E-9AEC-748EF9326B1B}.Release|Any CPU.ActiveCfg = Release|Any CPU
		{00D3CA95-EFD5-450E-9AEC-748EF9326B1B}.Release|Any CPU.Build.0 = Release|Any CPU
		{7B21F677-15E5-466E-9A1E-13B6AD61A063}.Debug|Any CPU.ActiveCfg = Debug|Any CPU
		{7B21F677-15E5-466E-9A1E-13B6AD61A063}.Debug|Any CPU.Build.0 = Debug|Any CPU
		{7B21F677-15E5-466E-9A1E-13B6AD61A063}.Release|Any CPU.ActiveCfg = Release|Any CPU
		{7B21F677-15E5-466E-9A1E-13B6AD61A063}.Release|Any CPU.Build.0 = Release|Any CPU
		{73898861-CC93-48FF-AF0B-299B35832B16}.Debug|Any CPU.ActiveCfg = Debug|Any CPU
		{73898861-CC93-48FF-AF0B-299B35832B16}.Debug|Any CPU.Build.0 = Debug|Any CPU
		{73898861-CC93-48FF-AF0B-299B35832B16}.Release|Any CPU.ActiveCfg = Release|Any CPU
		{73898861-CC93-48FF-AF0B-299B35832B16}.Release|Any CPU.Build.0 = Release|Any CPU
		{5CA94D90-E6C2-4366-BCA3-0D62E796DE66}.Debug|Any CPU.ActiveCfg = Debug|Any CPU
		{5CA94D90-E6C2-4366-BCA3-0D62E796DE66}.Debug|Any CPU.Build.0 = Debug|Any CPU
		{5CA94D90-E6C2-4366-BCA3-0D62E796DE66}.Release|Any CPU.ActiveCfg = Release|Any CPU
		{5CA94D90-E6C2-4366-BCA3-0D62E796DE66}.Release|Any CPU.Build.0 = Release|Any CPU
		{6DF01632-0B9F-467D-B5FB-5D1579719C85}.Debug|Any CPU.ActiveCfg = Debug|Any CPU
		{6DF01632-0B9F-467D-B5FB-5D1579719C85}.Debug|Any CPU.Build.0 = Debug|Any CPU
		{6DF01632-0B9F-467D-B5FB-5D1579719C85}.Release|Any CPU.ActiveCfg = Release|Any CPU
		{6DF01632-0B9F-467D-B5FB-5D1579719C85}.Release|Any CPU.Build.0 = Release|Any CPU
		{D1B7AC22-3E36-4601-BCFF-6E35531F6EE9}.Debug|Any CPU.ActiveCfg = Debug|Any CPU
		{D1B7AC22-3E36-4601-BCFF-6E35531F6EE9}.Debug|Any CPU.Build.0 = Debug|Any CPU
		{D1B7AC22-3E36-4601-BCFF-6E35531F6EE9}.Release|Any CPU.ActiveCfg = Release|Any CPU
		{D1B7AC22-3E36-4601-BCFF-6E35531F6EE9}.Release|Any CPU.Build.0 = Release|Any CPU
		{D59AE0DC-8A7F-43AE-B481-E2A852AFE317}.Debug|Any CPU.ActiveCfg = Debug|Any CPU
		{D59AE0DC-8A7F-43AE-B481-E2A852AFE317}.Debug|Any CPU.Build.0 = Debug|Any CPU
		{D59AE0DC-8A7F-43AE-B481-E2A852AFE317}.Release|Any CPU.ActiveCfg = Release|Any CPU
		{D59AE0DC-8A7F-43AE-B481-E2A852AFE317}.Release|Any CPU.Build.0 = Release|Any CPU
		{C89A344E-6BC0-4B54-8780-95734778AF99}.Debug|Any CPU.ActiveCfg = Debug|Any CPU
		{C89A344E-6BC0-4B54-8780-95734778AF99}.Debug|Any CPU.Build.0 = Debug|Any CPU
		{C89A344E-6BC0-4B54-8780-95734778AF99}.Release|Any CPU.ActiveCfg = Release|Any CPU
		{C89A344E-6BC0-4B54-8780-95734778AF99}.Release|Any CPU.Build.0 = Release|Any CPU
	EndGlobalSection
	GlobalSection(SolutionProperties) = preSolution
		HideSolutionNode = FALSE
	EndGlobalSection
EndGlobal
